{
  "originHash" : "fc59923c0f96329a549f23c6c37269c3b2ff2b719dd3e6fc26b7d2ef61c159e1",
  "pins" : [
    {
      "identity" : "alamofire",
      "kind" : "remoteSourceControl",
      "location" : "https://github.com/Alamofire/Alamofire",
      "state" : {
        "revision" : "513364f870f6bfc468f9d2ff0a95caccc10044c5",
        "version" : "5.10.2"
      }
    },
    {
      "identity" : "inputbaraccessoryview",
      "kind" : "remoteSourceControl",
      "location" : "https://github.com/nathantannar4/InputBarAccessoryView",
      "state" : {
        "revision" : "0451bb8bebff4da089f15d440aaa1740fee29ce6",
        "version" : "7.0.2"
      }
    },
    {
      "identity" : "messagekit",
      "kind" : "remoteSourceControl",
      "location" : "https://github.com/MessageKit/MessageKit",
      "state" : {
        "revision" : "dc48356f830d40de5acc0e126a44257d0a1329b6",
        "version" : "5.0.0"
      }
    }
  ],
  "version" : 3
}
